
Microsoft Visual Studio Solution File, Format Version 12.00
# Visual Studio Version 17
VisualStudioVersion = 17.13.35828.75
MinimumVisualStudioVersion = 10.0.40219.1
Project("{FAE04EC0-301F-11D3-BF4B-00C04F79EFBC}") = "EngishMotherFucker", "EngishMotherFucker\EngishMotherFucker.csproj", "{0286AEC0-5608-4C92-961C-CFC79CDE03C3}"
EndProject
Global
	GlobalSection(SolutionConfigurationPlatforms) = preSolution
		Debug|Any CPU = Debug|Any CPU
		Debug|x64 = Debug|x64
		Debug|x86 = Debug|x86
		Release|Any CPU = Release|Any CPU
		Release|x64 = Release|x64
		Release|x86 = Release|x86
	EndGlobalSection
	GlobalSection(ProjectConfigurationPlatforms) = postSolution
		{0286AEC0-5608-4C92-961C-CFC79CDE03C3}.Debug|Any CPU.ActiveCfg = Debug|Any CPU
		{0286AEC0-5608-4C92-961C-CFC79CDE03C3}.Debug|Any CPU.Build.0 = Debug|Any CPU
		{0286AEC0-5608-4C92-961C-CFC79CDE03C3}.Debug|Any CPU.Deploy.0 = Debug|Any CPU
		{0286AEC0-5608-4C92-961C-CFC79CDE03C3}.Debug|x64.ActiveCfg = Debug|Any CPU
		{0286AEC0-5608-4C92-961C-CFC79CDE03C3}.Debug|x64.Build.0 = Debug|Any CPU
		{0286AEC0-5608-4C92-961C-CFC79CDE03C3}.Debug|x86.ActiveCfg = Debug|Any CPU
		{0286AEC0-5608-4C92-961C-CFC79CDE03C3}.Debug|x86.Build.0 = Debug|Any CPU
		{0286AEC0-5608-4C92-961C-CFC79CDE03C3}.Release|Any CPU.ActiveCfg = Release|Any CPU
		{0286AEC0-5608-4C92-961C-CFC79CDE03C3}.Release|Any CPU.Build.0 = Release|Any CPU
		{0286AEC0-5608-4C92-961C-CFC79CDE03C3}.Release|x64.ActiveCfg = Release|Any CPU
		{0286AEC0-5608-4C92-961C-CFC79CDE03C3}.Release|x64.Build.0 = Release|Any CPU
		{0286AEC0-5608-4C92-961C-CFC79CDE03C3}.Release|x86.ActiveCfg = Release|Any CPU
		{0286AEC0-5608-4C92-961C-CFC79CDE03C3}.Release|x86.Build.0 = Release|Any CPU
	EndGlobalSection
	GlobalSection(SolutionProperties) = preSolution
		HideSolutionNode = FALSE
	EndGlobalSection
	GlobalSection(ExtensibilityGlobals) = postSolution
		SolutionGuid = {829021EB-4A56-4E4C-A3F6-6CC75E3F9C88}
	EndGlobalSection
EndGlobal
